
Microsoft Visual Studio Solution File, Format Version 12.00
# Visual Studio Version 17
VisualStudioVersion = 17.8.34330.188
MinimumVisualStudioVersion = 10.0.40219.1
Project("{FAE04EC0-301F-11D3-BF4B-00C04F79EFBC}") = "dotnet-squadManager", "dotnet-squadManager\dotnet-squadManager.csproj", "{423ED672-1958-4F75-85E3-D1C8A434F33A}"
EndProject
Global
	GlobalSection(SolutionConfigurationPlatforms) = preSolution
		Debug|Any CPU = Debug|Any CPU
		Release|Any CPU = Release|Any CPU
	EndGlobalSection
	GlobalSection(ProjectConfigurationPlatforms) = postSolution
		{423ED672-1958-4F75-85E3-D1C8A434F33A}.Debug|Any CPU.ActiveCfg = Debug|Any CPU
		{423ED672-1958-4F75-85E3-D1C8A434F33A}.Debug|Any CPU.Build.0 = Debug|Any CPU
		{423ED672-1958-4F75-85E3-D1C8A434F33A}.Release|Any CPU.ActiveCfg = Release|Any CPU
		{423ED672-1958-4F75-85E3-D1C8A434F33A}.Release|Any CPU.Build.0 = Release|Any CPU
	EndGlobalSection
	GlobalSection(SolutionProperties) = preSolution
		HideSolutionNode = FALSE
	EndGlobalSection
	GlobalSection(ExtensibilityGlobals) = postSolution
		SolutionGuid = {41F41262-5C4D-4F54-95B1-B4342411E714}
	EndGlobalSection
EndGlobal
